{
  "name": "my-library-unique-r3t3w4",
  "version": "0.1.6",
  "lockfileVersion": 3,
  "requires": true,
  "packages": {
    "": {
      "name": "my-library-unique-r3t3w4",
      "version": "0.1.6",
      "dependencies": {
        "@angular/cdk": "^17.3.10",
        "ng-zorro-antd": "^18.0.1",
        "tslib": "^2.3.0"
      },
      "peerDependencies": {
        "@angular/common": "^17.3.0",
        "@angular/core": "^17.3.0",
        "ng-zorro-antd": "^18.0.1"
      }
    },
    "node_modules/@angular/animations": {
      "version": "18.1.0",
      "resolved": "https://registry.npmjs.org/@angular/animations/-/animations-18.1.0.tgz",
      "integrity": "sha512-K0BhvZ/SIVoGXZVuh1KOJDdgcGlHfFGMGrs58utndndAb+gYXReMfz4GR5cQs2OObH6TKmIOY2EH7Og1CY2tsw==",
      "peer": true,
      "dependencies": {
        "tslib": "^2.3.0"
      },
      "engines": {
        "node": "^18.19.1 || ^20.11.1 || >=22.0.0"
      },
      "peerDependencies": {
        "@angular/core": "18.1.0"
      }
    },
    "node_modules/@angular/cdk": {
      "version": "17.3.10",
      "resolved": "https://registry.npmjs.org/@angular/cdk/-/cdk-17.3.10.tgz",
      "integrity": "sha512-b1qktT2c1TTTe5nTji/kFAVW92fULK0YhYAvJ+BjZTPKu2FniZNe8o4qqQ0pUuvtMu+ZQxp/QqFYoidIVCjScg==",
      "dependencies": {
        "tslib": "^2.3.0"
      },
      "optionalDependencies": {
        "parse5": "^7.1.2"
      },
      "peerDependencies": {
        "@angular/common": "^17.0.0 || ^18.0.0",
        "@angular/core": "^17.0.0 || ^18.0.0",
        "rxjs": "^6.5.3 || ^7.4.0"
      }
    },
    "node_modules/@angular/common": {
      "version": "17.3.11",
      "resolved": "https://registry.npmjs.org/@angular/common/-/common-17.3.11.tgz",
      "integrity": "sha512-WG+HQjUaQziYLGdbcv2aW+G73uroN5VF9yk4qWYcolW+VB8SV/DOAol8uFVgCF21cIOl5+wfJZvA4r5oG3dYaw==",
      "peer": true,
      "dependencies": {
        "tslib": "^2.3.0"
      },
      "engines": {
        "node": "^18.13.0 || >=20.9.0"
      },
      "peerDependencies": {
        "@angular/core": "17.3.11",
        "rxjs": "^6.5.3 || ^7.4.0"
      }
    },
    "node_modules/@angular/core": {
      "version": "17.3.11",
      "resolved": "https://registry.npmjs.org/@angular/core/-/core-17.3.11.tgz",
      "integrity": "sha512-2wPZwXFei3kVxK2ylIH6CdGebrC4kvooFx7qoX+250OITAEFMODJGdh/e3x0DpFUjlRvQtIFQ+YpQlfC5JnL4g==",
      "peer": true,
      "dependencies": {
        "tslib": "^2.3.0"
      },
      "engines": {
        "node": "^18.13.0 || >=20.9.0"
      },
      "peerDependencies": {
        "rxjs": "^6.5.3 || ^7.4.0",
        "zone.js": "~0.14.0"
      }
    },
    "node_modules/@angular/forms": {
      "version": "18.1.0",
      "resolved": "https://registry.npmjs.org/@angular/forms/-/forms-18.1.0.tgz",
      "integrity": "sha512-m+7m9wa+n5dEacd458eSZsZTz0B+HbOtr7/uqM0YTMQaPrhwl1epG5Y103mB6yr00JiJcLNlPLjP888cHFjldQ==",
      "peer": true,
      "dependencies": {
        "tslib": "^2.3.0"
      },
      "engines": {
        "node": "^18.19.1 || ^20.11.1 || >=22.0.0"
      },
      "peerDependencies": {
        "@angular/common": "18.1.0",
        "@angular/core": "18.1.0",
        "@angular/platform-browser": "18.1.0",
        "rxjs": "^6.5.3 || ^7.4.0"
      }
    },
    "node_modules/@angular/platform-browser": {
      "version": "18.1.0",
      "resolved": "https://registry.npmjs.org/@angular/platform-browser/-/platform-browser-18.1.0.tgz",
      "integrity": "sha512-jCmxthiI4Zef54crckNht60xwfIsuciGeyZvb7SsXna2maLW9fA4uz1VhZqIWTiBnHwNynVlyfBX3/jBD7S9+g==",
      "peer": true,
      "dependencies": {
        "tslib": "^2.3.0"
      },
      "engines": {
        "node": "^18.19.1 || ^20.11.1 || >=22.0.0"
      },
      "peerDependencies": {
        "@angular/animations": "18.1.0",
        "@angular/common": "18.1.0",
        "@angular/core": "18.1.0"
      },
      "peerDependenciesMeta": {
        "@angular/animations": {
          "optional": true
        }
      }
    },
    "node_modules/@angular/router": {
      "version": "18.1.0",
      "resolved": "https://registry.npmjs.org/@angular/router/-/router-18.1.0.tgz",
      "integrity": "sha512-dl2cSxZkl4we+rWMxdm123TZzlor6yxwNFI2yT7b6DP2i+rXaaHBSSPet0ASp+UX6djz+Osr56Bifs6wi4rhiQ==",
      "peer": true,
      "dependencies": {
        "tslib": "^2.3.0"
      },
      "engines": {
        "node": "^18.19.1 || ^20.11.1 || >=22.0.0"
      },
      "peerDependencies": {
        "@angular/common": "18.1.0",
        "@angular/core": "18.1.0",
        "@angular/platform-browser": "18.1.0",
        "rxjs": "^6.5.3 || ^7.4.0"
      }
    },
    "node_modules/@ant-design/colors": {
      "version": "7.1.0",
      "resolved": "https://registry.npmjs.org/@ant-design/colors/-/colors-7.1.0.tgz",
      "integrity": "sha512-MMoDGWn1y9LdQJQSHiCC20x3uZ3CwQnv9QMz6pCmJOrqdgM9YxsoVVY0wtrdXbmfSgnV0KNk6zi09NAhMR2jvg==",
      "dependencies": {
        "@ctrl/tinycolor": "^3.6.1"
      }
    },
    "node_modules/@babel/runtime": {
      "version": "7.24.8",
      "resolved": "https://registry.npmjs.org/@babel/runtime/-/runtime-7.24.8.tgz",
      "integrity": "sha512-5F7SDGs1T72ZczbRwbGO9lQi0NLjQxzl6i4lJxLxfW9U5UluCSyEJeniWvnhl3/euNiqQVbo8zruhsDfid0esA==",
      "dependencies": {
        "regenerator-runtime": "^0.14.0"
      },
      "engines": {
        "node": ">=6.9.0"
      }
    },
    "node_modules/@ctrl/tinycolor": {
      "version": "3.6.1",
      "resolved": "https://registry.npmjs.org/@ctrl/tinycolor/-/tinycolor-3.6.1.tgz",
      "integrity": "sha512-SITSV6aIXsuVNV3f3O0f2n/cgyEDWoSqtZMYiAmcsYHydcKrOz3gUxB/iXd/Qf08+IZX4KpgNbvUdMBmWz+kcA==",
      "engines": {
        "node": ">=10"
      }
    },
    "node_modules/date-fns": {
      "version": "2.30.0",
      "resolved": "https://registry.npmjs.org/date-fns/-/date-fns-2.30.0.tgz",
      "integrity": "sha512-fnULvOpxnC5/Vg3NCiWelDsLiUc9bRwAPs/+LfTLNvetFCtCTN+yQz15C/fs4AwX1R9K5GLtLfn8QW+dWisaAw==",
      "dependencies": {
        "@babel/runtime": "^7.21.0"
      },
      "engines": {
        "node": ">=0.11"
      },
      "funding": {
        "type": "opencollective",
        "url": "https://opencollective.com/date-fns"
      }
    },
    "node_modules/entities": {
      "version": "4.5.0",
      "resolved": "https://registry.npmjs.org/entities/-/entities-4.5.0.tgz",
      "integrity": "sha512-V0hjH4dGPh9Ao5p0MoRY6BVqtwCjhz6vI5LT8AJ55H+4g9/4vbHx1I54fS0XuclLhDHArPQCiMjDxjaL8fPxhw==",
      "optional": true,
      "engines": {
        "node": ">=0.12"
      },
      "funding": {
        "url": "https://github.com/fb55/entities?sponsor=1"
      }
    },
    "node_modules/ng-zorro-antd": {
      "version": "18.0.1",
      "resolved": "https://registry.npmjs.org/ng-zorro-antd/-/ng-zorro-antd-18.0.1.tgz",
      "integrity": "sha512-jqShD//KEKKEl54GAuwxBczF6nyg0V/iohuAUhra5UhjhHbO4Dted1fzotiiCojPme6+zOukwi+iHVHs7HjuQQ==",
      "dependencies": {
        "@angular/cdk": "^18.0.0",
        "@ant-design/icons-angular": "^18.0.0",
        "date-fns": "^2.16.1",
        "tslib": "^2.3.0"
      },
      "peerDependencies": {
        "@angular/animations": "^18.0.0",
        "@angular/common": "^18.0.0",
        "@angular/core": "^18.0.0",
        "@angular/forms": "^18.0.0",
        "@angular/platform-browser": "^18.0.0",
        "@angular/router": "^18.0.0"
      }
    },
    "node_modules/ng-zorro-antd/node_modules/@angular/cdk": {
      "version": "18.1.0",
      "resolved": "https://registry.npmjs.org/@angular/cdk/-/cdk-18.1.0.tgz",
      "integrity": "sha512-GWUyJQ7KdOS0WwQPp7UKnRd7lUKvOrMvktqNWfSxBy/VEdyEeKlXfghk6GQ4u1RXFZ2RU0m1KhX8rY9srYJOwA==",
      "dependencies": {
        "tslib": "^2.3.0"
      },
      "optionalDependencies": {
        "parse5": "^7.1.2"
      },
      "peerDependencies": {
        "@angular/common": "^18.0.0 || ^19.0.0",
        "@angular/core": "^18.0.0 || ^19.0.0",
        "rxjs": "^6.5.3 || ^7.4.0"
      }
    },
    "node_modules/ng-zorro-antd/node_modules/@ant-design/icons-angular": {
      "version": "18.0.0",
      "resolved": "https://registry.npmjs.org/@ant-design/icons-angular/-/icons-angular-18.0.0.tgz",
      "integrity": "sha512-nxNtHKd7MyGNnEyv22NK5hZ/Pczp63XJfej9zPjxiXm0wvJeIdMNUPOKtsdVkyPTRjRGHGe7F9M0Gv9SmyIjrQ==",
      "dependencies": {
        "@ant-design/colors": "^7.0.0",
        "tslib": "^2.0.0"
      },
      "peerDependencies": {
        "@angular/common": "^18.0.0",
        "@angular/core": "^18.0.0",
        "@angular/platform-browser": "^18.0.0",
        "rxjs": "^6.4.0 || ^7.4.0"
      }
    },
    "node_modules/parse5": {
      "version": "7.1.2",
      "resolved": "https://registry.npmjs.org/parse5/-/parse5-7.1.2.tgz",
      "integrity": "sha512-Czj1WaSVpaoj0wbhMzLmWD69anp2WH7FXMB9n1Sy8/ZFF9jolSQVMu1Ij5WIyGmcBmhk7EOndpO4mIpihVqAXw==",
      "optional": true,
      "dependencies": {
        "entities": "^4.4.0"
      },
      "funding": {
        "url": "https://github.com/inikulin/parse5?sponsor=1"
      }
    },
    "node_modules/regenerator-runtime": {
      "version": "0.14.1",
      "resolved": "https://registry.npmjs.org/regenerator-runtime/-/regenerator-runtime-0.14.1.tgz",
      "integrity": "sha512-dYnhHh0nJoMfnkZs6GmmhFknAGRrLznOu5nc9ML+EJxGvrx6H7teuevqVqCuPcPK//3eDrrjQhehXVx9cnkGdw=="
    },
    "node_modules/rxjs": {
      "version": "7.8.1",
      "resolved": "https://registry.npmjs.org/rxjs/-/rxjs-7.8.1.tgz",
      "integrity": "sha512-AA3TVj+0A2iuIoQkWEK/tqFjBq2j+6PO6Y0zJcvzLAFhEFIO3HL0vls9hWLncZbAAbK0mar7oZ4V079I/qPMxg==",
      "peer": true,
      "dependencies": {
        "tslib": "^2.1.0"
      }
    },
    "node_modules/tslib": {
      "version": "2.6.3",
      "resolved": "https://registry.npmjs.org/tslib/-/tslib-2.6.3.tgz",
      "integrity": "sha512-xNvxJEOUiWPGhUuUdQgAJPKOOJfGnIyKySOc09XkKsgdUV/3E2zvwZYdejjmRgPCgcym1juLH3226yA7sEFJKQ=="
    },
    "node_modules/zone.js": {
      "version": "0.14.7",
      "resolved": "https://registry.npmjs.org/zone.js/-/zone.js-0.14.7.tgz",
      "integrity": "sha512-0w6DGkX2BPuiK/NLf+4A8FLE43QwBfuqz2dVgi/40Rj1WmqUskCqj329O/pwrqFJLG5X8wkeG2RhIAro441xtg==",
      "peer": true
    }
  }
}
